
Microsoft Visual Studio Solution File, Format Version 12.00
# Visual Studio Version 17
VisualStudioVersion = 17.3.32929.385
MinimumVisualStudioVersion = 10.0.40219.1
Project("{FAE04EC0-301F-11D3-BF4B-00C04F79EFBC}") = "Test_Vinay_Electricity_Bill", "Test_Vinay_Electricity_Bill\Test_Vinay_Electricity_Bill.csproj", "{E4696852-1625-46BD-A70D-95C76737DB25}"
EndProject
Global
	GlobalSection(SolutionConfigurationPlatforms) = preSolution
		Debug|Any CPU = Debug|Any CPU
		Release|Any CPU = Release|Any CPU
	EndGlobalSection
	GlobalSection(ProjectConfigurationPlatforms) = postSolution
		{E4696852-1625-46BD-A70D-95C76737DB25}.Debug|Any CPU.ActiveCfg = Debug|Any CPU
		{E4696852-1625-46BD-A70D-95C76737DB25}.Debug|Any CPU.Build.0 = Debug|Any CPU
		{E4696852-1625-46BD-A70D-95C76737DB25}.Release|Any CPU.ActiveCfg = Release|Any CPU
		{E4696852-1625-46BD-A70D-95C76737DB25}.Release|Any CPU.Build.0 = Release|Any CPU
	EndGlobalSection
	GlobalSection(SolutionProperties) = preSolution
		HideSolutionNode = FALSE
	EndGlobalSection
	GlobalSection(ExtensibilityGlobals) = postSolution
		SolutionGuid = {9AF90D8E-9B3D-4F78-A6BF-918B81671745}
	EndGlobalSection
EndGlobal
